// !$*UTF8*$!
{
	archiveVersion = 1;
	classes = {
	};
	objectVersion = 77;
	objects = {

/* Begin PBXBuildFile section */
		0150077BB73A372F3AB5D646 /* PaymentCard.swift in Sources */ = {isa = PBXBuildFile; fileRef = 49DC081BF20EC1378688C6B6 /* PaymentCard.swift */; };
		018DEA0F26D2DD6AD6DC76B3 /* Card.swift in Sources */ = {isa = PBXBuildFile; fileRef = 6632491A10B19BFFAEFF7891 /* Card.swift */; };
		03627A5B53D02D5A074E9FE2 /* PasswordScreen.swift in Sources */ = {isa = PBXBuildFile; fileRef = A9156AF272A21048DB10ABFC /* PasswordScreen.swift */; };
		08E1AFDB41EC4D109BD9C7CE /* CardDetailSheet.swift in Sources */ = {isa = PBXBuildFile; fileRef = E67EF106323DEB74FBBDBE1E /* CardDetailSheet.swift */; };
		184663DA95E66BD24E30B1F2 /* SectionTitle.swift in Sources */ = {isa = PBXBuildFile; fileRef = AD73D64BB9AD954148C08F1A /* SectionTitle.swift */; };
		19D4A33C6902ECCE069CE7DD /* CardsCoordinator.swift in Sources */ = {isa = PBXBuildFile; fileRef = 673981016D769752B2C5429D /* CardsCoordinator.swift */; };
		1A8F73290913960030C51D4F /* WhatsNewSheet.swift in Sources */ = {isa = PBXBuildFile; fileRef = ADA8A477F912C7EAD684F5DF /* WhatsNewSheet.swift */; };
		1DA2665A8B2EAA7429DB02BD /* HomeCoordinator.swift in Sources */ = {isa = PBXBuildFile; fileRef = F30654C64AF04EF079DEEAF0 /* HomeCoordinator.swift */; };
		1EBFCD91629D314CD472677F /* GlassTabBarInset.swift in Sources */ = {isa = PBXBuildFile; fileRef = 850CA859BE603AE8DC735B16 /* GlassTabBarInset.swift */; };
		1F2A0426587698E96E56232E /* NavigationSnapshotStore.swift in Sources */ = {isa = PBXBuildFile; fileRef = 7931F6E784DFA9291CA74EB3 /* NavigationSnapshotStore.swift */; };
		215495E7D47167EBA023FE31 /* InvestCoordinator.swift in Sources */ = {isa = PBXBuildFile; fileRef = 3212C28E3639850777EC76B0 /* InvestCoordinator.swift */; };
		24AD4E54B057C61B932EDF07 /* CategoryPickerScreen.swift in Sources */ = {isa = PBXBuildFile; fileRef = 2E9F73AA12FBBCE0F10A7BFF /* CategoryPickerScreen.swift */; };
		25F43CD0F1E65C98B106994E /* ProfileCoordinator.swift in Sources */ = {isa = PBXBuildFile; fileRef = BEDF0333552F0F29EB3ED31A /* ProfileCoordinator.swift */; };
		285309E69645225147501A84 /* LimitCoordinator.swift in Sources */ = {isa = PBXBuildFile; fileRef = B3DC81188E3E025DFFE60EE0 /* LimitCoordinator.swift */; };
		2BADD30F5AAEB7566376D263 /* AppCoordinator.swift in Sources */ = {isa = PBXBuildFile; fileRef = B32EF79CF4E3703829BD75FF /* AppCoordinator.swift */; };
		2D7866B6F9656CF7C2A45C12 /* GlassTabFlow.swift in Sources */ = {isa = PBXBuildFile; fileRef = 1C93106E15DB595CF2DC038D /* GlassTabFlow.swift */; };
		2EFC00D2ACCD006FA3DB29D9 /* LimitPresetsScreen.swift in Sources */ = {isa = PBXBuildFile; fileRef = 416FC77984F3FF3262BD3E38 /* LimitPresetsScreen.swift */; };
		34CDD793DD8B23632A1CB23B /* CustomLimitScreen.swift in Sources */ = {isa = PBXBuildFile; fileRef = ABACA13603E00F80833FACAF /* CustomLimitScreen.swift */; };
		35C47B2B2E19EFD8F23EF916 /* Scaffolding in Frameworks */ = {isa = PBXBuildFile; productRef = C7F7C86CE4A13D4FD1ABB29C /* Scaffolding */; };
		360E516E40F769DBD486239B /* GlassTabBarChrome.swift in Sources */ = {isa = PBXBuildFile; fileRef = E1B613EE144CA81215990C3C /* GlassTabBarChrome.swift */; };
		391231C288780FC935CEF74A /* Holding.swift in Sources */ = {isa = PBXBuildFile; fileRef = 5A9B6B37CF8EC39A86B5B210 /* Holding.swift */; };
		49C999AEE659494EBE400575 /* TransactionRow.swift in Sources */ = {isa = PBXBuildFile; fileRef = 937291AFD0DFC0975A8D49BC /* TransactionRow.swift */; };
		4C846025408C45DFED757885 /* Order.swift in Sources */ = {isa = PBXBuildFile; fileRef = EE488233A7D2CCC4ED0BD9A1 /* Order.swift */; };
		4E416CAEC92B0E9004A5150C /* PromoScreen.swift in Sources */ = {isa = PBXBuildFile; fileRef = 2D98A90CD2C5391B93ECF633 /* PromoScreen.swift */; };
		4E89C09BA195D0ABA7A3EFE5 /* ScreenBackground.swift in Sources */ = {isa = PBXBuildFile; fileRef = 0211771036C74A021D29DF52 /* ScreenBackground.swift */; };
		530BF00B3EEFBDA16A4EBD21 /* TransactionsScreen.swift in Sources */ = {isa = PBXBuildFile; fileRef = 1DBC1B8BB1555EDDF5070E23 /* TransactionsScreen.swift */; };
		533BD24BB943FBD09AB9C0F6 /* DeveloperScreen.swift in Sources */ = {isa = PBXBuildFile; fileRef = DA2AAED52ADD97E4B582CA47 /* DeveloperScreen.swift */; };
		543F715A338B2A8656C34387 /* HoldingRow.swift in Sources */ = {isa = PBXBuildFile; fileRef = 14EA0F38AA7965C9F71D089D /* HoldingRow.swift */; };
		55BF9E9B6121F5206263BDF7 /* HighlightSlideEffect.swift in Sources */ = {isa = PBXBuildFile; fileRef = E8CE1B43DCEB6B09245B3E45 /* HighlightSlideEffect.swift */; };
		55E8D86927AD062D42559026 /* GlassTabBar.swift in Sources */ = {isa = PBXBuildFile; fileRef = F8BE61CF6DB3A4FF0BFFD8D0 /* GlassTabBar.swift */; };
		5A9AA6907C76C99DBC309E57 /* CardsScreen.swift in Sources */ = {isa = PBXBuildFile; fileRef = E9B45ECC50F17AD76AADDFD8 /* CardsScreen.swift */; };
		5BB192E7154F38A9BF5554C8 /* InvestOrderTests.swift in Sources */ = {isa = PBXBuildFile; fileRef = 96B81CD39E888BF27579394C /* InvestOrderTests.swift */; };
		5E91E014611776884DB9FE8E /* MainTabCoordinator.swift in Sources */ = {isa = PBXBuildFile; fileRef = 8A0486BE92E847DB8E70E201 /* MainTabCoordinator.swift */; };
		5FDA593F39793939BD58DA6F /* AppRootTests.swift in Sources */ = {isa = PBXBuildFile; fileRef = A5796456E13C5524A765A9DE /* AppRootTests.swift */; };
		60885A20312DDE1858BB68CB /* OrderCoordinator.swift in Sources */ = {isa = PBXBuildFile; fileRef = 3494599995BA4DD9C0F0747F /* OrderCoordinator.swift */; };
		660792940415B5AB8943318E /* ControlButton.swift in Sources */ = {isa = PBXBuildFile; fileRef = 95A18F8C9EAEF4E039986729 /* ControlButton.swift */; };
		662AD51F0CA2FAC0D486C255 /* CardsModalTests.swift in Sources */ = {isa = PBXBuildFile; fileRef = B6C1B1C9C0EABB3CA7145413 /* CardsModalTests.swift */; };
		66B0D295C166700813BD2624 /* GlassTabButton.swift in Sources */ = {isa = PBXBuildFile; fileRef = 510B247E337399C48D978499 /* GlassTabButton.swift */; };
		6C9DFCD5775038D4A18A6FD9 /* OrderAmountScreen.swift in Sources */ = {isa = PBXBuildFile; fileRef = 4E329B1A348059E5220A176F /* OrderAmountScreen.swift */; };
		765E16112633BEFB902FF5C3 /* PillButtonStyle.swift in Sources */ = {isa = PBXBuildFile; fileRef = 88C8C905719EC7AEBE47B386 /* PillButtonStyle.swift */; };
		7714E3B0F4F34EBBB828BF1A /* IconRow.swift in Sources */ = {isa = PBXBuildFile; fileRef = 0D8D68230ACF762F3001EF9D /* IconRow.swift */; };
		7EF4A2456D1F877C8D8402D8 /* GlassTabItem.swift in Sources */ = {isa = PBXBuildFile; fileRef = C1D8743E9DFFA414B0C08BD0 /* GlassTabItem.swift */; };
		84691A35ED5FBB7DA806D1A7 /* TransactionDetailScreen.swift in Sources */ = {isa = PBXBuildFile; fileRef = 8FA442169F6085E103178264 /* TransactionDetailScreen.swift */; };
		8BD1FA54D846EBDEF2A49A52 /* ScaffoldingTesting in Frameworks */ = {isa = PBXBuildFile; productRef = 121C47305520C4DE8FF197DB /* ScaffoldingTesting */; };
		95212BCB860BF5E3565DD671 /* TabScreenFadeModifier.swift in Sources */ = {isa = PBXBuildFile; fileRef = D4F6C2768A758E6A8071D989 /* TabScreenFadeModifier.swift */; };
		95756CCCF216E787C3EA484F /* TabBarMetrics.swift in Sources */ = {isa = PBXBuildFile; fileRef = 63F908DFAE60CC15C5B43446 /* TabBarMetrics.swift */; };
		97742511153159E928ABB22C /* HoldingDetailScreen.swift in Sources */ = {isa = PBXBuildFile; fileRef = E88F63217E2330B86FBA9652 /* HoldingDetailScreen.swift */; };
		9D37E362E92E4ED706A059BD /* PinChangeScreen.swift in Sources */ = {isa = PBXBuildFile; fileRef = DEE06B55604D86007458D4CC /* PinChangeScreen.swift */; };
		9DC90A4D39E80F0E17A2600A /* EmailScreen.swift in Sources */ = {isa = PBXBuildFile; fileRef = 0BCA61824F53FCEF356B3EFB /* EmailScreen.swift */; };
		AC88C9638DA48CB57C3F1DB9 /* DemoApp.swift in Sources */ = {isa = PBXBuildFile; fileRef = D48487A18C14A9E0C0EE9924 /* DemoApp.swift */; };
		B063DC3CC7804C167348E203 /* InvestScreen.swift in Sources */ = {isa = PBXBuildFile; fileRef = B7EBB16CF0CC3E35AD37581E /* InvestScreen.swift */; };
		B1CF780CE0D131067236B7DD /* TabBarAnimations.swift in Sources */ = {isa = PBXBuildFile; fileRef = FD471EBE45FA97AC945D8C0B /* TabBarAnimations.swift */; };
		B3F64FD00DA58F8451B4F108 /* StatusBarScrim.swift in Sources */ = {isa = PBXBuildFile; fileRef = AB5ECFBB6F8CFAD32313BA5A /* StatusBarScrim.swift */; };
		B5489C58129116D894395218 /* GlassTabBarTheme.swift in Sources */ = {isa = PBXBuildFile; fileRef = 8E038790327423DFC99BC840 /* GlassTabBarTheme.swift */; };
		B7D6A2239704077732E60B13 /* AdaptiveDismissButton.swift in Sources */ = {isa = PBXBuildFile; fileRef = E6B0C4405FA5F129E3C69CAD /* AdaptiveDismissButton.swift */; };
		B83A342EA96A84A6662557EB /* Transaction.swift in Sources */ = {isa = PBXBuildFile; fileRef = 6C88A09C2339653212D15A42 /* Transaction.swift */; };
		B9C89D879BA16D9D299CB0EC /* HierarchyDumpSheet.swift in Sources */ = {isa = PBXBuildFile; fileRef = 2BEAB13DFCB1E89D2A31A4F2 /* HierarchyDumpSheet.swift */; };
		C2547612BB1A48B887D32F00 /* LoginCoordinator.swift in Sources */ = {isa = PBXBuildFile; fileRef = 15F9CE173B38B1D54CD36B12 /* LoginCoordinator.swift */; };
		C5D4624ADA28B206F6E5150F /* ToastModifier.swift in Sources */ = {isa = PBXBuildFile; fileRef = 1EEE6478C332B4E188755ED4 /* ToastModifier.swift */; };
		C5F79CE2BA6CF714200557A3 /* FreezeConfirmSheet.swift in Sources */ = {isa = PBXBuildFile; fileRef = E808F284647405E55F9460C3 /* FreezeConfirmSheet.swift */; };
		C62DC34C366240641191E517 /* HomeFlowTests.swift in Sources */ = {isa = PBXBuildFile; fileRef = 174C48B750F72B6A8F279B0A /* HomeFlowTests.swift */; };
		CD020BCBDF26D3988DCE9C09 /* InvestDisclaimerSheet.swift in Sources */ = {isa = PBXBuildFile; fileRef = 976CC4F7F30EBAE3FBA285DC /* InvestDisclaimerSheet.swift */; };
		CF0F5F26D0F2691AFCDADC73 /* StackInspector.swift in Sources */ = {isa = PBXBuildFile; fileRef = 33D8EBB0B8FFD9336A19A8C8 /* StackInspector.swift */; };
		D22F27F4EBAABE1D67177C3A /* GlassTabBarModel.swift in Sources */ = {isa = PBXBuildFile; fileRef = 3136820EE4969BC0DD3C3CAF /* GlassTabBarModel.swift */; };
		DB7B2C3ED8901BA6433F4DBC /* ShakeDetection.swift in Sources */ = {isa = PBXBuildFile; fileRef = 3D7D40F3D4CCE3F28DE102D5 /* ShakeDetection.swift */; };
		EB09847DF9DAD04B60145DB0 /* ProfileScreen.swift in Sources */ = {isa = PBXBuildFile; fileRef = B008154F14B81F8173C27B62 /* ProfileScreen.swift */; };
		F01FFC546495002C2EA5142C /* HighlightProximityFade.swift in Sources */ = {isa = PBXBuildFile; fileRef = 0F8ED1201852B93A6683AA35 /* HighlightProximityFade.swift */; };
		F63FFA93FEF4641AA043B4F9 /* ProcessingOverlay.swift in Sources */ = {isa = PBXBuildFile; fileRef = 5B3F1A5315D49AF7496C5A98 /* ProcessingOverlay.swift */; };
		FC253DA2CF93083A06741174 /* MainTabTests.swift in Sources */ = {isa = PBXBuildFile; fileRef = F7473F778CEFC3AE043D7B38 /* MainTabTests.swift */; };
		FD48BE233D33BA15DFD7D65F /* OrderConfirmationScreen.swift in Sources */ = {isa = PBXBuildFile; fileRef = 10C622A16A5DABD652318D3F /* OrderConfirmationScreen.swift */; };
		FF1C6D1CC474431B13F6E3F1 /* OrderReviewScreen.swift in Sources */ = {isa = PBXBuildFile; fileRef = 3314C1594990C5DB39A8A1DE /* OrderReviewScreen.swift */; };
		FFFAF512B53D88F596ABFC65 /* TabBarScrollTracker.swift in Sources */ = {isa = PBXBuildFile; fileRef = BD615CF2F2E78FCE3DFA3550 /* TabBarScrollTracker.swift */; };
/* End PBXBuildFile section */

/* Begin PBXContainerItemProxy section */
		FBBE445734D4DF0D7C983E34 /* PBXContainerItemProxy */ = {
			isa = PBXContainerItemProxy;
			containerPortal = 5533C1BE5094A04FCE853B33 /* Project object */;
			proxyType = 1;
			remoteGlobalIDString = 22478BC664898A9B8DD4D258;
			remoteInfo = Demo;
		};
/* End PBXContainerItemProxy section */

/* Begin PBXFileReference section */
		0211771036C74A021D29DF52 /* ScreenBackground.swift */ = {isa = PBXFileReference; lastKnownFileType = sourcecode.swift; path = ScreenBackground.swift; sourceTree = "<group>"; };
		05848EA09C6E610DC0CA9681 /* DemoTests.xctest */ = {isa = PBXFileReference; includeInIndex = 0; lastKnownFileType = wrapper.cfbundle; path = DemoTests.xctest; sourceTree = BUILT_PRODUCTS_DIR; };
		0BCA61824F53FCEF356B3EFB /* EmailScreen.swift */ = {isa = PBXFileReference; lastKnownFileType = sourcecode.swift; path = EmailScreen.swift; sourceTree = "<group>"; };
		0D8D68230ACF762F3001EF9D /* IconRow.swift */ = {isa = PBXFileReference; lastKnownFileType = sourcecode.swift; path = IconRow.swift; sourceTree = "<group>"; };
		0F8ED1201852B93A6683AA35 /* HighlightProximityFade.swift */ = {isa = PBXFileReference; lastKnownFileType = sourcecode.swift; path = HighlightProximityFade.swift; sourceTree = "<group>"; };
		10C622A16A5DABD652318D3F /* OrderConfirmationScreen.swift */ = {isa = PBXFileReference; lastKnownFileType = sourcecode.swift; path = OrderConfirmationScreen.swift; sourceTree = "<group>"; };
		14EA0F38AA7965C9F71D089D /* HoldingRow.swift */ = {isa = PBXFileReference; lastKnownFileType = sourcecode.swift; path = HoldingRow.swift; sourceTree = "<group>"; };
		15F9CE173B38B1D54CD36B12 /* LoginCoordinator.swift */ = {isa = PBXFileReference; lastKnownFileType = sourcecode.swift; path = LoginCoordinator.swift; sourceTree = "<group>"; };
		174C48B750F72B6A8F279B0A /* HomeFlowTests.swift */ = {isa = PBXFileReference; lastKnownFileType = sourcecode.swift; path = HomeFlowTests.swift; sourceTree = "<group>"; };
		1C93106E15DB595CF2DC038D /* GlassTabFlow.swift */ = {isa = PBXFileReference; lastKnownFileType = sourcecode.swift; path = GlassTabFlow.swift; sourceTree = "<group>"; };
		1DBC1B8BB1555EDDF5070E23 /* TransactionsScreen.swift */ = {isa = PBXFileReference; lastKnownFileType = sourcecode.swift; path = TransactionsScreen.swift; sourceTree = "<group>"; };
		1EEE6478C332B4E188755ED4 /* ToastModifier.swift */ = {isa = PBXFileReference; lastKnownFileType = sourcecode.swift; path = ToastModifier.swift; sourceTree = "<group>"; };
		2BEAB13DFCB1E89D2A31A4F2 /* HierarchyDumpSheet.swift */ = {isa = PBXFileReference; lastKnownFileType = sourcecode.swift; path = HierarchyDumpSheet.swift; sourceTree = "<group>"; };
		2D98A90CD2C5391B93ECF633 /* PromoScreen.swift */ = {isa = PBXFileReference; lastKnownFileType = sourcecode.swift; path = PromoScreen.swift; sourceTree = "<group>"; };
		2E9F73AA12FBBCE0F10A7BFF /* CategoryPickerScreen.swift */ = {isa = PBXFileReference; lastKnownFileType = sourcecode.swift; path = CategoryPickerScreen.swift; sourceTree = "<group>"; };
		3136820EE4969BC0DD3C3CAF /* GlassTabBarModel.swift */ = {isa = PBXFileReference; lastKnownFileType = sourcecode.swift; path = GlassTabBarModel.swift; sourceTree = "<group>"; };
		3212C28E3639850777EC76B0 /* InvestCoordinator.swift */ = {isa = PBXFileReference; lastKnownFileType = sourcecode.swift; path = InvestCoordinator.swift; sourceTree = "<group>"; };
		3314C1594990C5DB39A8A1DE /* OrderReviewScreen.swift */ = {isa = PBXFileReference; lastKnownFileType = sourcecode.swift; path = OrderReviewScreen.swift; sourceTree = "<group>"; };
		33D8EBB0B8FFD9336A19A8C8 /* StackInspector.swift */ = {isa = PBXFileReference; lastKnownFileType = sourcecode.swift; path = StackInspector.swift; sourceTree = "<group>"; };
		3494599995BA4DD9C0F0747F /* OrderCoordinator.swift */ = {isa = PBXFileReference; lastKnownFileType = sourcecode.swift; path = OrderCoordinator.swift; sourceTree = "<group>"; };
		3D7D40F3D4CCE3F28DE102D5 /* ShakeDetection.swift */ = {isa = PBXFileReference; lastKnownFileType = sourcecode.swift; path = ShakeDetection.swift; sourceTree = "<group>"; };
		416FC77984F3FF3262BD3E38 /* LimitPresetsScreen.swift */ = {isa = PBXFileReference; lastKnownFileType = sourcecode.swift; path = LimitPresetsScreen.swift; sourceTree = "<group>"; };
		49DC081BF20EC1378688C6B6 /* PaymentCard.swift */ = {isa = PBXFileReference; lastKnownFileType = sourcecode.swift; path = PaymentCard.swift; sourceTree = "<group>"; };
		4E329B1A348059E5220A176F /* OrderAmountScreen.swift */ = {isa = PBXFileReference; lastKnownFileType = sourcecode.swift; path = OrderAmountScreen.swift; sourceTree = "<group>"; };
		510B247E337399C48D978499 /* GlassTabButton.swift */ = {isa = PBXFileReference; lastKnownFileType = sourcecode.swift; path = GlassTabButton.swift; sourceTree = "<group>"; };
		5A9B6B37CF8EC39A86B5B210 /* Holding.swift */ = {isa = PBXFileReference; lastKnownFileType = sourcecode.swift; path = Holding.swift; sourceTree = "<group>"; };
		5B3F1A5315D49AF7496C5A98 /* ProcessingOverlay.swift */ = {isa = PBXFileReference; lastKnownFileType = sourcecode.swift; path = ProcessingOverlay.swift; sourceTree = "<group>"; };
		63F908DFAE60CC15C5B43446 /* TabBarMetrics.swift */ = {isa = PBXFileReference; lastKnownFileType = sourcecode.swift; path = TabBarMetrics.swift; sourceTree = "<group>"; };
		6632491A10B19BFFAEFF7891 /* Card.swift */ = {isa = PBXFileReference; lastKnownFileType = sourcecode.swift; path = Card.swift; sourceTree = "<group>"; };
		673981016D769752B2C5429D /* CardsCoordinator.swift */ = {isa = PBXFileReference; lastKnownFileType = sourcecode.swift; path = CardsCoordinator.swift; sourceTree = "<group>"; };
		6C88A09C2339653212D15A42 /* Transaction.swift */ = {isa = PBXFileReference; lastKnownFileType = sourcecode.swift; path = Transaction.swift; sourceTree = "<group>"; };
		727F63951B1330C5A5960A33 /* scaffolding */ = {isa = PBXFileReference; lastKnownFileType = folder; name = scaffolding; path = ../..; sourceTree = SOURCE_ROOT; };
		7931F6E784DFA9291CA74EB3 /* NavigationSnapshotStore.swift */ = {isa = PBXFileReference; lastKnownFileType = sourcecode.swift; path = NavigationSnapshotStore.swift; sourceTree = "<group>"; };
		850CA859BE603AE8DC735B16 /* GlassTabBarInset.swift */ = {isa = PBXFileReference; lastKnownFileType = sourcecode.swift; path = GlassTabBarInset.swift; sourceTree = "<group>"; };
		88C8C905719EC7AEBE47B386 /* PillButtonStyle.swift */ = {isa = PBXFileReference; lastKnownFileType = sourcecode.swift; path = PillButtonStyle.swift; sourceTree = "<group>"; };
		8A0486BE92E847DB8E70E201 /* MainTabCoordinator.swift */ = {isa = PBXFileReference; lastKnownFileType = sourcecode.swift; path = MainTabCoordinator.swift; sourceTree = "<group>"; };
		8E038790327423DFC99BC840 /* GlassTabBarTheme.swift */ = {isa = PBXFileReference; lastKnownFileType = sourcecode.swift; path = GlassTabBarTheme.swift; sourceTree = "<group>"; };
		8FA442169F6085E103178264 /* TransactionDetailScreen.swift */ = {isa = PBXFileReference; lastKnownFileType = sourcecode.swift; path = TransactionDetailScreen.swift; sourceTree = "<group>"; };
		937291AFD0DFC0975A8D49BC /* TransactionRow.swift */ = {isa = PBXFileReference; lastKnownFileType = sourcecode.swift; path = TransactionRow.swift; sourceTree = "<group>"; };
		95A18F8C9EAEF4E039986729 /* ControlButton.swift */ = {isa = PBXFileReference; lastKnownFileType = sourcecode.swift; path = ControlButton.swift; sourceTree = "<group>"; };
		96B81CD39E888BF27579394C /* InvestOrderTests.swift */ = {isa = PBXFileReference; lastKnownFileType = sourcecode.swift; path = InvestOrderTests.swift; sourceTree = "<group>"; };
		976CC4F7F30EBAE3FBA285DC /* InvestDisclaimerSheet.swift */ = {isa = PBXFileReference; lastKnownFileType = sourcecode.swift; path = InvestDisclaimerSheet.swift; sourceTree = "<group>"; };
		A5796456E13C5524A765A9DE /* AppRootTests.swift */ = {isa = PBXFileReference; lastKnownFileType = sourcecode.swift; path = AppRootTests.swift; sourceTree = "<group>"; };
		A9156AF272A21048DB10ABFC /* PasswordScreen.swift */ = {isa = PBXFileReference; lastKnownFileType = sourcecode.swift; path = PasswordScreen.swift; sourceTree = "<group>"; };
		AB5ECFBB6F8CFAD32313BA5A /* StatusBarScrim.swift */ = {isa = PBXFileReference; lastKnownFileType = sourcecode.swift; path = StatusBarScrim.swift; sourceTree = "<group>"; };
		ABACA13603E00F80833FACAF /* CustomLimitScreen.swift */ = {isa = PBXFileReference; lastKnownFileType = sourcecode.swift; path = CustomLimitScreen.swift; sourceTree = "<group>"; };
		AD73D64BB9AD954148C08F1A /* SectionTitle.swift */ = {isa = PBXFileReference; lastKnownFileType = sourcecode.swift; path = SectionTitle.swift; sourceTree = "<group>"; };
		ADA8A477F912C7EAD684F5DF /* WhatsNewSheet.swift */ = {isa = PBXFileReference; lastKnownFileType = sourcecode.swift; path = WhatsNewSheet.swift; sourceTree = "<group>"; };
		B008154F14B81F8173C27B62 /* ProfileScreen.swift */ = {isa = PBXFileReference; lastKnownFileType = sourcecode.swift; path = ProfileScreen.swift; sourceTree = "<group>"; };
		B32EF79CF4E3703829BD75FF /* AppCoordinator.swift */ = {isa = PBXFileReference; lastKnownFileType = sourcecode.swift; path = AppCoordinator.swift; sourceTree = "<group>"; };
		B3DC81188E3E025DFFE60EE0 /* LimitCoordinator.swift */ = {isa = PBXFileReference; lastKnownFileType = sourcecode.swift; path = LimitCoordinator.swift; sourceTree = "<group>"; };
		B6C1B1C9C0EABB3CA7145413 /* CardsModalTests.swift */ = {isa = PBXFileReference; lastKnownFileType = sourcecode.swift; path = CardsModalTests.swift; sourceTree = "<group>"; };
		B7EBB16CF0CC3E35AD37581E /* InvestScreen.swift */ = {isa = PBXFileReference; lastKnownFileType = sourcecode.swift; path = InvestScreen.swift; sourceTree = "<group>"; };
		BD615CF2F2E78FCE3DFA3550 /* TabBarScrollTracker.swift */ = {isa = PBXFileReference; lastKnownFileType = sourcecode.swift; path = TabBarScrollTracker.swift; sourceTree = "<group>"; };
		BEDF0333552F0F29EB3ED31A /* ProfileCoordinator.swift */ = {isa = PBXFileReference; lastKnownFileType = sourcecode.swift; path = ProfileCoordinator.swift; sourceTree = "<group>"; };
		C1D8743E9DFFA414B0C08BD0 /* GlassTabItem.swift */ = {isa = PBXFileReference; lastKnownFileType = sourcecode.swift; path = GlassTabItem.swift; sourceTree = "<group>"; };
		D48487A18C14A9E0C0EE9924 /* DemoApp.swift */ = {isa = PBXFileReference; lastKnownFileType = sourcecode.swift; path = DemoApp.swift; sourceTree = "<group>"; };
		D4F6C2768A758E6A8071D989 /* TabScreenFadeModifier.swift */ = {isa = PBXFileReference; lastKnownFileType = sourcecode.swift; path = TabScreenFadeModifier.swift; sourceTree = "<group>"; };
		DA2AAED52ADD97E4B582CA47 /* DeveloperScreen.swift */ = {isa = PBXFileReference; lastKnownFileType = sourcecode.swift; path = DeveloperScreen.swift; sourceTree = "<group>"; };
		DEE06B55604D86007458D4CC /* PinChangeScreen.swift */ = {isa = PBXFileReference; lastKnownFileType = sourcecode.swift; path = PinChangeScreen.swift; sourceTree = "<group>"; };
		E158E1D8DDD5F3DC89B171A3 /* Demo.app */ = {isa = PBXFileReference; includeInIndex = 0; lastKnownFileType = wrapper.application; path = Demo.app; sourceTree = BUILT_PRODUCTS_DIR; };
		E1B613EE144CA81215990C3C /* GlassTabBarChrome.swift */ = {isa = PBXFileReference; lastKnownFileType = sourcecode.swift; path = GlassTabBarChrome.swift; sourceTree = "<group>"; };
		E67EF106323DEB74FBBDBE1E /* CardDetailSheet.swift */ = {isa = PBXFileReference; lastKnownFileType = sourcecode.swift; path = CardDetailSheet.swift; sourceTree = "<group>"; };
		E6B0C4405FA5F129E3C69CAD /* AdaptiveDismissButton.swift */ = {isa = PBXFileReference; lastKnownFileType = sourcecode.swift; path = AdaptiveDismissButton.swift; sourceTree = "<group>"; };
		E808F284647405E55F9460C3 /* FreezeConfirmSheet.swift */ = {isa = PBXFileReference; lastKnownFileType = sourcecode.swift; path = FreezeConfirmSheet.swift; sourceTree = "<group>"; };
		E88F63217E2330B86FBA9652 /* HoldingDetailScreen.swift */ = {isa = PBXFileReference; lastKnownFileType = sourcecode.swift; path = HoldingDetailScreen.swift; sourceTree = "<group>"; };
		E8CE1B43DCEB6B09245B3E45 /* HighlightSlideEffect.swift */ = {isa = PBXFileReference; lastKnownFileType = sourcecode.swift; path = HighlightSlideEffect.swift; sourceTree = "<group>"; };
		E9B45ECC50F17AD76AADDFD8 /* CardsScreen.swift */ = {isa = PBXFileReference; lastKnownFileType = sourcecode.swift; path = CardsScreen.swift; sourceTree = "<group>"; };
		EE488233A7D2CCC4ED0BD9A1 /* Order.swift */ = {isa = PBXFileReference; lastKnownFileType = sourcecode.swift; path = Order.swift; sourceTree = "<group>"; };
		F30654C64AF04EF079DEEAF0 /* HomeCoordinator.swift */ = {isa = PBXFileReference; lastKnownFileType = sourcecode.swift; path = HomeCoordinator.swift; sourceTree = "<group>"; };
		F7473F778CEFC3AE043D7B38 /* MainTabTests.swift */ = {isa = PBXFileReference; lastKnownFileType = sourcecode.swift; path = MainTabTests.swift; sourceTree = "<group>"; };
		F8BE61CF6DB3A4FF0BFFD8D0 /* GlassTabBar.swift */ = {isa = PBXFileReference; lastKnownFileType = sourcecode.swift; path = GlassTabBar.swift; sourceTree = "<group>"; };
		FD471EBE45FA97AC945D8C0B /* TabBarAnimations.swift */ = {isa = PBXFileReference; lastKnownFileType = sourcecode.swift; path = TabBarAnimations.swift; sourceTree = "<group>"; };
/* End PBXFileReference section */

/* Begin PBXFrameworksBuildPhase section */
		0EC63BD21E7C1F4462130305 /* Frameworks */ = {
			isa = PBXFrameworksBuildPhase;
			buildActionMask = 2147483647;
			files = (
				8BD1FA54D846EBDEF2A49A52 /* ScaffoldingTesting in Frameworks */,
			);
			runOnlyForDeploymentPostprocessing = 0;
		};
		F85CE95CC7B9E76D63880B75 /* Frameworks */ = {
			isa = PBXFrameworksBuildPhase;
			buildActionMask = 2147483647;
			files = (
				35C47B2B2E19EFD8F23EF916 /* Scaffolding in Frameworks */,
			);
			runOnlyForDeploymentPostprocessing = 0;
		};
/* End PBXFrameworksBuildPhase section */

/* Begin PBXGroup section */
		0873E7A3157F3FE79386E138 /* GlassTabBar */ = {
			isa = PBXGroup;
			children = (
				F8BE61CF6DB3A4FF0BFFD8D0 /* GlassTabBar.swift */,
				3136820EE4969BC0DD3C3CAF /* GlassTabBarModel.swift */,
				8E038790327423DFC99BC840 /* GlassTabBarTheme.swift */,
				510B247E337399C48D978499 /* GlassTabButton.swift */,
				C1D8743E9DFFA414B0C08BD0 /* GlassTabItem.swift */,
				0F8ED1201852B93A6683AA35 /* HighlightProximityFade.swift */,
				E8CE1B43DCEB6B09245B3E45 /* HighlightSlideEffect.swift */,
				FD471EBE45FA97AC945D8C0B /* TabBarAnimations.swift */,
				63F908DFAE60CC15C5B43446 /* TabBarMetrics.swift */,
				BD615CF2F2E78FCE3DFA3550 /* TabBarScrollTracker.swift */,
				D4F6C2768A758E6A8071D989 /* TabScreenFadeModifier.swift */,
			);
			path = GlassTabBar;
			sourceTree = "<group>";
		};
		1698D460967D72FB45CEE383 /* Login */ = {
			isa = PBXGroup;
			children = (
				15F9CE173B38B1D54CD36B12 /* LoginCoordinator.swift */,
				BAC2B90761D645E6A3F1A063 /* Views */,
			);
			path = Login;
			sourceTree = "<group>";
		};
		18C0F436F671F250CAEFD15D /* Packages */ = {
			isa = PBXGroup;
			children = (
				727F63951B1330C5A5960A33 /* scaffolding */,
			);
			name = Packages;
			sourceTree = "<group>";
		};
		23686E9A7BFE23BD60816F1D /* Profile */ = {
			isa = PBXGroup;
			children = (
				BEDF0333552F0F29EB3ED31A /* ProfileCoordinator.swift */,
				93F1B10FF5C339567B99947D /* Views */,
			);
			path = Profile;
			sourceTree = "<group>";
		};
		39A8D6D5370EDC1AD72AF50A /* Tests */ = {
			isa = PBXGroup;
			children = (
				A5796456E13C5524A765A9DE /* AppRootTests.swift */,
				B6C1B1C9C0EABB3CA7145413 /* CardsModalTests.swift */,
				174C48B750F72B6A8F279B0A /* HomeFlowTests.swift */,
				96B81CD39E888BF27579394C /* InvestOrderTests.swift */,
				F7473F778CEFC3AE043D7B38 /* MainTabTests.swift */,
			);
			path = Tests;
			sourceTree = "<group>";
		};
		47B166397194C271DC09B11B /* Features */ = {
			isa = PBXGroup;
			children = (
				983AFFD26D9FF6C04F6D0B84 /* Cards */,
				8E8E5F83306B0EE8A38805A5 /* Home */,
				6726A4876AF569D2CFC51132 /* Invest */,
				1698D460967D72FB45CEE383 /* Login */,
				CD4DC5AB59EF427F8BDD359B /* Main */,
				23686E9A7BFE23BD60816F1D /* Profile */,
			);
			path = Features;
			sourceTree = "<group>";
		};
		48F07EC10E6A448F70D0F3D3 /* App */ = {
			isa = PBXGroup;
			children = (
				B32EF79CF4E3703829BD75FF /* AppCoordinator.swift */,
				D48487A18C14A9E0C0EE9924 /* DemoApp.swift */,
				7931F6E784DFA9291CA74EB3 /* NavigationSnapshotStore.swift */,
				3D7D40F3D4CCE3F28DE102D5 /* ShakeDetection.swift */,
				B559E984D770F314EED1533A /* Views */,
			);
			path = App;
			sourceTree = "<group>";
		};
		4A5E8C4AA71E70C2BC34FE70 /* Views */ = {
			isa = PBXGroup;
			children = (
				E67EF106323DEB74FBBDBE1E /* CardDetailSheet.swift */,
				E9B45ECC50F17AD76AADDFD8 /* CardsScreen.swift */,
				ABACA13603E00F80833FACAF /* CustomLimitScreen.swift */,
				E808F284647405E55F9460C3 /* FreezeConfirmSheet.swift */,
				416FC77984F3FF3262BD3E38 /* LimitPresetsScreen.swift */,
				49DC081BF20EC1378688C6B6 /* PaymentCard.swift */,
				DEE06B55604D86007458D4CC /* PinChangeScreen.swift */,
				5B3F1A5315D49AF7496C5A98 /* ProcessingOverlay.swift */,
			);
			path = Views;
			sourceTree = "<group>";
		};
		5544F244F918FBA89DA22830 /* Models */ = {
			isa = PBXGroup;
			children = (
				6632491A10B19BFFAEFF7891 /* Card.swift */,
			);
			path = Models;
			sourceTree = "<group>";
		};
		6726A4876AF569D2CFC51132 /* Invest */ = {
			isa = PBXGroup;
			children = (
				3212C28E3639850777EC76B0 /* InvestCoordinator.swift */,
				3494599995BA4DD9C0F0747F /* OrderCoordinator.swift */,
				ED411F04EE569BA744921D47 /* Models */,
				F65CCC1A58D490B306D88D47 /* Views */,
			);
			path = Invest;
			sourceTree = "<group>";
		};
		89EED0D913153940931D2FE8 /* Products */ = {
			isa = PBXGroup;
			children = (
				E158E1D8DDD5F3DC89B171A3 /* Demo.app */,
				05848EA09C6E610DC0CA9681 /* DemoTests.xctest */,
			);
			name = Products;
			sourceTree = "<group>";
		};
		8E8E5F83306B0EE8A38805A5 /* Home */ = {
			isa = PBXGroup;
			children = (
				F30654C64AF04EF079DEEAF0 /* HomeCoordinator.swift */,
				97F8A9075CC5EF53313B589D /* Models */,
				BFA27F565E63819EC2078E81 /* Views */,
			);
			path = Home;
			sourceTree = "<group>";
		};
		93F1B10FF5C339567B99947D /* Views */ = {
			isa = PBXGroup;
			children = (
				DA2AAED52ADD97E4B582CA47 /* DeveloperScreen.swift */,
				B008154F14B81F8173C27B62 /* ProfileScreen.swift */,
			);
			path = Views;
			sourceTree = "<group>";
		};
		97F8A9075CC5EF53313B589D /* Models */ = {
			isa = PBXGroup;
			children = (
				6C88A09C2339653212D15A42 /* Transaction.swift */,
			);
			path = Models;
			sourceTree = "<group>";
		};
		983AFFD26D9FF6C04F6D0B84 /* Cards */ = {
			isa = PBXGroup;
			children = (
				673981016D769752B2C5429D /* CardsCoordinator.swift */,
				B3DC81188E3E025DFFE60EE0 /* LimitCoordinator.swift */,
				5544F244F918FBA89DA22830 /* Models */,
				4A5E8C4AA71E70C2BC34FE70 /* Views */,
			);
			path = Cards;
			sourceTree = "<group>";
		};
		A5DF47DF2E52EE85185147BC /* Views */ = {
			isa = PBXGroup;
			children = (
				E1B613EE144CA81215990C3C /* GlassTabBarChrome.swift */,
				976CC4F7F30EBAE3FBA285DC /* InvestDisclaimerSheet.swift */,
				2D98A90CD2C5391B93ECF633 /* PromoScreen.swift */,
			);
			path = Views;
			sourceTree = "<group>";
		};
		ACE36DE3FB2F24706FD66339 /* Sources */ = {
			isa = PBXGroup;
			children = (
				48F07EC10E6A448F70D0F3D3 /* App */,
				E6AFD243C65D89D0FE06208D /* DesignSystem */,
				47B166397194C271DC09B11B /* Features */,
				0873E7A3157F3FE79386E138 /* GlassTabBar */,
			);
			path = Sources;
			sourceTree = "<group>";
		};
		B559E984D770F314EED1533A /* Views */ = {
			isa = PBXGroup;
			children = (
				2BEAB13DFCB1E89D2A31A4F2 /* HierarchyDumpSheet.swift */,
				ADA8A477F912C7EAD684F5DF /* WhatsNewSheet.swift */,
			);
			path = Views;
			sourceTree = "<group>";
		};
		BAC2B90761D645E6A3F1A063 /* Views */ = {
			isa = PBXGroup;
			children = (
				0BCA61824F53FCEF356B3EFB /* EmailScreen.swift */,
				A9156AF272A21048DB10ABFC /* PasswordScreen.swift */,
			);
			path = Views;
			sourceTree = "<group>";
		};
		BFA27F565E63819EC2078E81 /* Views */ = {
			isa = PBXGroup;
			children = (
				2E9F73AA12FBBCE0F10A7BFF /* CategoryPickerScreen.swift */,
				33D8EBB0B8FFD9336A19A8C8 /* StackInspector.swift */,
				8FA442169F6085E103178264 /* TransactionDetailScreen.swift */,
				937291AFD0DFC0975A8D49BC /* TransactionRow.swift */,
				1DBC1B8BB1555EDDF5070E23 /* TransactionsScreen.swift */,
			);
			path = Views;
			sourceTree = "<group>";
		};
		CD4DC5AB59EF427F8BDD359B /* Main */ = {
			isa = PBXGroup;
			children = (
				1C93106E15DB595CF2DC038D /* GlassTabFlow.swift */,
				8A0486BE92E847DB8E70E201 /* MainTabCoordinator.swift */,
				A5DF47DF2E52EE85185147BC /* Views */,
			);
			path = Main;
			sourceTree = "<group>";
		};
		E5BB6DC2E977B912CC1AF702 = {
			isa = PBXGroup;
			children = (
				18C0F436F671F250CAEFD15D /* Packages */,
				ACE36DE3FB2F24706FD66339 /* Sources */,
				39A8D6D5370EDC1AD72AF50A /* Tests */,
				89EED0D913153940931D2FE8 /* Products */,
			);
			sourceTree = "<group>";
		};
		E6AFD243C65D89D0FE06208D /* DesignSystem */ = {
			isa = PBXGroup;
			children = (
				E6B0C4405FA5F129E3C69CAD /* AdaptiveDismissButton.swift */,
				95A18F8C9EAEF4E039986729 /* ControlButton.swift */,
				850CA859BE603AE8DC735B16 /* GlassTabBarInset.swift */,
				0D8D68230ACF762F3001EF9D /* IconRow.swift */,
				88C8C905719EC7AEBE47B386 /* PillButtonStyle.swift */,
				0211771036C74A021D29DF52 /* ScreenBackground.swift */,
				AD73D64BB9AD954148C08F1A /* SectionTitle.swift */,
				AB5ECFBB6F8CFAD32313BA5A /* StatusBarScrim.swift */,
				1EEE6478C332B4E188755ED4 /* ToastModifier.swift */,
			);
			path = DesignSystem;
			sourceTree = "<group>";
		};
		ED411F04EE569BA744921D47 /* Models */ = {
			isa = PBXGroup;
			children = (
				5A9B6B37CF8EC39A86B5B210 /* Holding.swift */,
				EE488233A7D2CCC4ED0BD9A1 /* Order.swift */,
			);
			path = Models;
			sourceTree = "<group>";
		};
		F65CCC1A58D490B306D88D47 /* Views */ = {
			isa = PBXGroup;
			children = (
				E88F63217E2330B86FBA9652 /* HoldingDetailScreen.swift */,
				14EA0F38AA7965C9F71D089D /* HoldingRow.swift */,
				B7EBB16CF0CC3E35AD37581E /* InvestScreen.swift */,
				4E329B1A348059E5220A176F /* OrderAmountScreen.swift */,
				10C622A16A5DABD652318D3F /* OrderConfirmationScreen.swift */,
				3314C1594990C5DB39A8A1DE /* OrderReviewScreen.swift */,
			);
			path = Views;
			sourceTree = "<group>";
		};
/* End PBXGroup section */

/* Begin PBXNativeTarget section */
		1415EC73182076243A9FCB09 /* DemoTests */ = {
			isa = PBXNativeTarget;
			buildConfigurationList = 8E0CA1D64074AD9FBBB9C41D /* Build configuration list for PBXNativeTarget "DemoTests" */;
			buildPhases = (
				4BF586DEBCDC653FE94FC038 /* Sources */,
				0EC63BD21E7C1F4462130305 /* Frameworks */,
			);
			buildRules = (
			);
			dependencies = (
				2281CFB60D07F99179929EA4 /* PBXTargetDependency */,
			);
			name = DemoTests;
			packageProductDependencies = (
				121C47305520C4DE8FF197DB /* ScaffoldingTesting */,
			);
			productName = DemoTests;
			productReference = 05848EA09C6E610DC0CA9681 /* DemoTests.xctest */;
			productType = "com.apple.product-type.bundle.unit-test";
		};
		22478BC664898A9B8DD4D258 /* Demo */ = {
			isa = PBXNativeTarget;
			buildConfigurationList = 67F59FA59F734371A2570797 /* Build configuration list for PBXNativeTarget "Demo" */;
			buildPhases = (
				A1DCA12CEE65932D9EECDBA4 /* Sources */,
				F85CE95CC7B9E76D63880B75 /* Frameworks */,
			);
			buildRules = (
			);
			dependencies = (
			);
			name = Demo;
			packageProductDependencies = (
				C7F7C86CE4A13D4FD1ABB29C /* Scaffolding */,
			);
			productName = Demo;
			productReference = E158E1D8DDD5F3DC89B171A3 /* Demo.app */;
			productType = "com.apple.product-type.application";
		};
/* End PBXNativeTarget section */

/* Begin PBXProject section */
		5533C1BE5094A04FCE853B33 /* Project object */ = {
			isa = PBXProject;
			attributes = {
				BuildIndependentTargetsInParallel = YES;
				LastUpgradeCheck = 1430;
				TargetAttributes = {
					22478BC664898A9B8DD4D258 = {
						ProvisioningStyle = Automatic;
					};
				};
			};
			buildConfigurationList = 388F02421550F69BF7947B85 /* Build configuration list for PBXProject "Demo" */;
			developmentRegion = en;
			hasScannedForEncodings = 0;
			knownRegions = (
				Base,
				en,
			);
			mainGroup = E5BB6DC2E977B912CC1AF702;
			minimizedProjectReferenceProxies = 1;
			packageReferences = (
				F9E60793FC5ED9701085E98F /* XCLocalSwiftPackageReference "../..//" */,
			);
			preferredProjectObjectVersion = 77;
			productRefGroup = 89EED0D913153940931D2FE8 /* Products */;
			projectDirPath = "";
			projectRoot = "";
			targets = (
				22478BC664898A9B8DD4D258 /* Demo */,
				1415EC73182076243A9FCB09 /* DemoTests */,
			);
		};
/* End PBXProject section */

/* Begin PBXSourcesBuildPhase section */
		4BF586DEBCDC653FE94FC038 /* Sources */ = {
			isa = PBXSourcesBuildPhase;
			buildActionMask = 2147483647;
			files = (
				5FDA593F39793939BD58DA6F /* AppRootTests.swift in Sources */,
				662AD51F0CA2FAC0D486C255 /* CardsModalTests.swift in Sources */,
				C62DC34C366240641191E517 /* HomeFlowTests.swift in Sources */,
				5BB192E7154F38A9BF5554C8 /* InvestOrderTests.swift in Sources */,
				FC253DA2CF93083A06741174 /* MainTabTests.swift in Sources */,
			);
			runOnlyForDeploymentPostprocessing = 0;
		};
		A1DCA12CEE65932D9EECDBA4 /* Sources */ = {
			isa = PBXSourcesBuildPhase;
			buildActionMask = 2147483647;
			files = (
				B7D6A2239704077732E60B13 /* AdaptiveDismissButton.swift in Sources */,
				2BADD30F5AAEB7566376D263 /* AppCoordinator.swift in Sources */,
				018DEA0F26D2DD6AD6DC76B3 /* Card.swift in Sources */,
				08E1AFDB41EC4D109BD9C7CE /* CardDetailSheet.swift in Sources */,
				19D4A33C6902ECCE069CE7DD /* CardsCoordinator.swift in Sources */,
				5A9AA6907C76C99DBC309E57 /* CardsScreen.swift in Sources */,
				24AD4E54B057C61B932EDF07 /* CategoryPickerScreen.swift in Sources */,
				660792940415B5AB8943318E /* ControlButton.swift in Sources */,
				34CDD793DD8B23632A1CB23B /* CustomLimitScreen.swift in Sources */,
				AC88C9638DA48CB57C3F1DB9 /* DemoApp.swift in Sources */,
				533BD24BB943FBD09AB9C0F6 /* DeveloperScreen.swift in Sources */,
				9DC90A4D39E80F0E17A2600A /* EmailScreen.swift in Sources */,
				C5F79CE2BA6CF714200557A3 /* FreezeConfirmSheet.swift in Sources */,
				55E8D86927AD062D42559026 /* GlassTabBar.swift in Sources */,
				360E516E40F769DBD486239B /* GlassTabBarChrome.swift in Sources */,
				1EBFCD91629D314CD472677F /* GlassTabBarInset.swift in Sources */,
				D22F27F4EBAABE1D67177C3A /* GlassTabBarModel.swift in Sources */,
				B5489C58129116D894395218 /* GlassTabBarTheme.swift in Sources */,
				66B0D295C166700813BD2624 /* GlassTabButton.swift in Sources */,
				2D7866B6F9656CF7C2A45C12 /* GlassTabFlow.swift in Sources */,
				7EF4A2456D1F877C8D8402D8 /* GlassTabItem.swift in Sources */,
				B9C89D879BA16D9D299CB0EC /* HierarchyDumpSheet.swift in Sources */,
				F01FFC546495002C2EA5142C /* HighlightProximityFade.swift in Sources */,
				55BF9E9B6121F5206263BDF7 /* HighlightSlideEffect.swift in Sources */,
				391231C288780FC935CEF74A /* Holding.swift in Sources */,
				97742511153159E928ABB22C /* HoldingDetailScreen.swift in Sources */,
				543F715A338B2A8656C34387 /* HoldingRow.swift in Sources */,
				1DA2665A8B2EAA7429DB02BD /* HomeCoordinator.swift in Sources */,
				7714E3B0F4F34EBBB828BF1A /* IconRow.swift in Sources */,
				215495E7D47167EBA023FE31 /* InvestCoordinator.swift in Sources */,
				CD020BCBDF26D3988DCE9C09 /* InvestDisclaimerSheet.swift in Sources */,
				B063DC3CC7804C167348E203 /* InvestScreen.swift in Sources */,
				285309E69645225147501A84 /* LimitCoordinator.swift in Sources */,
				2EFC00D2ACCD006FA3DB29D9 /* LimitPresetsScreen.swift in Sources */,
				C2547612BB1A48B887D32F00 /* LoginCoordinator.swift in Sources */,
				5E91E014611776884DB9FE8E /* MainTabCoordinator.swift in Sources */,
				1F2A0426587698E96E56232E /* NavigationSnapshotStore.swift in Sources */,
				4C846025408C45DFED757885 /* Order.swift in Sources */,
				6C9DFCD5775038D4A18A6FD9 /* OrderAmountScreen.swift in Sources */,
				FD48BE233D33BA15DFD7D65F /* OrderConfirmationScreen.swift in Sources */,
				60885A20312DDE1858BB68CB /* OrderCoordinator.swift in Sources */,
				FF1C6D1CC474431B13F6E3F1 /* OrderReviewScreen.swift in Sources */,
				03627A5B53D02D5A074E9FE2 /* PasswordScreen.swift in Sources */,
				0150077BB73A372F3AB5D646 /* PaymentCard.swift in Sources */,
				765E16112633BEFB902FF5C3 /* PillButtonStyle.swift in Sources */,
				9D37E362E92E4ED706A059BD /* PinChangeScreen.swift in Sources */,
				F63FFA93FEF4641AA043B4F9 /* ProcessingOverlay.swift in Sources */,
				25F43CD0F1E65C98B106994E /* ProfileCoordinator.swift in Sources */,
				EB09847DF9DAD04B60145DB0 /* ProfileScreen.swift in Sources */,
				4E416CAEC92B0E9004A5150C /* PromoScreen.swift in Sources */,
				4E89C09BA195D0ABA7A3EFE5 /* ScreenBackground.swift in Sources */,
				184663DA95E66BD24E30B1F2 /* SectionTitle.swift in Sources */,
				DB7B2C3ED8901BA6433F4DBC /* ShakeDetection.swift in Sources */,
				CF0F5F26D0F2691AFCDADC73 /* StackInspector.swift in Sources */,
				B3F64FD00DA58F8451B4F108 /* StatusBarScrim.swift in Sources */,
				B1CF780CE0D131067236B7DD /* TabBarAnimations.swift in Sources */,
				95756CCCF216E787C3EA484F /* TabBarMetrics.swift in Sources */,
				FFFAF512B53D88F596ABFC65 /* TabBarScrollTracker.swift in Sources */,
				95212BCB860BF5E3565DD671 /* TabScreenFadeModifier.swift in Sources */,
				C5D4624ADA28B206F6E5150F /* ToastModifier.swift in Sources */,
				B83A342EA96A84A6662557EB /* Transaction.swift in Sources */,
				84691A35ED5FBB7DA806D1A7 /* TransactionDetailScreen.swift in Sources */,
				49C999AEE659494EBE400575 /* TransactionRow.swift in Sources */,
				530BF00B3EEFBDA16A4EBD21 /* TransactionsScreen.swift in Sources */,
				1A8F73290913960030C51D4F /* WhatsNewSheet.swift in Sources */,
			);
			runOnlyForDeploymentPostprocessing = 0;
		};
/* End PBXSourcesBuildPhase section */

/* Begin PBXTargetDependency section */
		2281CFB60D07F99179929EA4 /* PBXTargetDependency */ = {
			isa = PBXTargetDependency;
			target = 22478BC664898A9B8DD4D258 /* Demo */;
			targetProxy = FBBE445734D4DF0D7C983E34 /* PBXContainerItemProxy */;
		};
/* End PBXTargetDependency section */

/* Begin XCBuildConfiguration section */
		056EAC7D7010057EB737A179 /* Debug */ = {
			isa = XCBuildConfiguration;
			buildSettings = {
				BUNDLE_LOADER = "$(TEST_HOST)";
				GENERATE_INFOPLIST_FILE = YES;
				LD_RUNPATH_SEARCH_PATHS = (
					"$(inherited)",
					"@executable_path/Frameworks",
					"@loader_path/Frameworks",
				);
				PRODUCT_BUNDLE_IDENTIFIER = com.scaffolding.demo.tests;
				SDKROOT = iphoneos;
				SWIFT_VERSION = 6.2;
				TARGETED_DEVICE_FAMILY = 1;
				TEST_HOST = "$(BUILT_PRODUCTS_DIR)/Demo.app/Demo";
			};
			name = Debug;
		};
		1E0D38BE0A23451ACF3D4625 /* Release */ = {
			isa = XCBuildConfiguration;
			buildSettings = {
				ASSETCATALOG_COMPILER_APPICON_NAME = AppIcon;
				CODE_SIGN_IDENTITY = "iPhone Developer";
				CODE_SIGN_STYLE = Automatic;
				CURRENT_PROJECT_VERSION = 1;
				INFOPLIST_FILE = Info.plist;
				LD_RUNPATH_SEARCH_PATHS = (
					"$(inherited)",
					"@executable_path/Frameworks",
				);
				MARKETING_VERSION = 1.0;
				PRODUCT_BUNDLE_IDENTIFIER = com.scaffolding.demo;
				SDKROOT = iphoneos;
				SWIFT_VERSION = 6.2;
				TARGETED_DEVICE_FAMILY = 1;
			};
			name = Release;
		};
		431C1D0126FDE809DBCC1F6E /* Release */ = {
			isa = XCBuildConfiguration;
			buildSettings = {
				ALWAYS_SEARCH_USER_PATHS = NO;
				CLANG_ANALYZER_NONNULL = YES;
				CLANG_ANALYZER_NUMBER_OBJECT_CONVERSION = YES_AGGRESSIVE;
				CLANG_CXX_LANGUAGE_STANDARD = "gnu++14";
				CLANG_CXX_LIBRARY = "libc++";
				CLANG_ENABLE_MODULES = YES;
				CLANG_ENABLE_OBJC_ARC = YES;
				CLANG_ENABLE_OBJC_WEAK = YES;
				CLANG_WARN_BLOCK_CAPTURE_AUTORELEASING = YES;
				CLANG_WARN_BOOL_CONVERSION = YES;
				CLANG_WARN_COMMA = YES;
				CLANG_WARN_CONSTANT_CONVERSION = YES;
				CLANG_WARN_DEPRECATED_OBJC_IMPLEMENTATIONS = YES;
				CLANG_WARN_DIRECT_OBJC_ISA_USAGE = YES_ERROR;
				CLANG_WARN_DOCUMENTATION_COMMENTS = YES;
				CLANG_WARN_EMPTY_BODY = YES;
				CLANG_WARN_ENUM_CONVERSION = YES;
				CLANG_WARN_INFINITE_RECURSION = YES;
				CLANG_WARN_INT_CONVERSION = YES;
				CLANG_WARN_NON_LITERAL_NULL_CONVERSION = YES;
				CLANG_WARN_OBJC_IMPLICIT_RETAIN_SELF = YES;
				CLANG_WARN_OBJC_LITERAL_CONVERSION = YES;
				CLANG_WARN_OBJC_ROOT_CLASS = YES_ERROR;
				CLANG_WARN_QUOTED_INCLUDE_IN_FRAMEWORK_HEADER = YES;
				CLANG_WARN_RANGE_LOOP_ANALYSIS = YES;
				CLANG_WARN_STRICT_PROTOTYPES = YES;
				CLANG_WARN_SUSPICIOUS_MOVE = YES;
				CLANG_WARN_UNGUARDED_AVAILABILITY = YES_AGGRESSIVE;
				CLANG_WARN_UNREACHABLE_CODE = YES;
				CLANG_WARN__DUPLICATE_METHOD_MATCH = YES;
				COPY_PHASE_STRIP = NO;
				DEBUG_INFORMATION_FORMAT = "dwarf-with-dsym";
				ENABLE_NS_ASSERTIONS = NO;
				ENABLE_STRICT_OBJC_MSGSEND = YES;
				GCC_C_LANGUAGE_STANDARD = gnu11;
				GCC_NO_COMMON_BLOCKS = YES;
				GCC_WARN_64_TO_32_BIT_CONVERSION = YES;
				GCC_WARN_ABOUT_RETURN_TYPE = YES_ERROR;
				GCC_WARN_UNDECLARED_SELECTOR = YES;
				GCC_WARN_UNINITIALIZED_AUTOS = YES_AGGRESSIVE;
				GCC_WARN_UNUSED_FUNCTION = YES;
				GCC_WARN_UNUSED_VARIABLE = YES;
				IPHONEOS_DEPLOYMENT_TARGET = 26.0;
				MTL_ENABLE_DEBUG_INFO = NO;
				MTL_FAST_MATH = YES;
				PRODUCT_NAME = "$(TARGET_NAME)";
				SDKROOT = iphoneos;
				SWIFT_COMPILATION_MODE = wholemodule;
				SWIFT_OPTIMIZATION_LEVEL = "-O";
				SWIFT_VERSION = 5.0;
			};
			name = Release;
		};
		553BCFF4DF4A314DE3D572F3 /* Debug */ = {
			isa = XCBuildConfiguration;
			buildSettings = {
				ASSETCATALOG_COMPILER_APPICON_NAME = AppIcon;
				CODE_SIGN_IDENTITY = "iPhone Developer";
				CODE_SIGN_STYLE = Automatic;
				CURRENT_PROJECT_VERSION = 1;
				INFOPLIST_FILE = Info.plist;
				LD_RUNPATH_SEARCH_PATHS = (
					"$(inherited)",
					"@executable_path/Frameworks",
				);
				MARKETING_VERSION = 1.0;
				PRODUCT_BUNDLE_IDENTIFIER = com.scaffolding.demo;
				SDKROOT = iphoneos;
				SWIFT_VERSION = 6.2;
				TARGETED_DEVICE_FAMILY = 1;
			};
			name = Debug;
		};
		76F22F9F8EFF9E558750A9FE /* Debug */ = {
			isa = XCBuildConfiguration;
			buildSettings = {
				ALWAYS_SEARCH_USER_PATHS = NO;
				CLANG_ANALYZER_NONNULL = YES;
				CLANG_ANALYZER_NUMBER_OBJECT_CONVERSION = YES_AGGRESSIVE;
				CLANG_CXX_LANGUAGE_STANDARD = "gnu++14";
				CLANG_CXX_LIBRARY = "libc++";
				CLANG_ENABLE_MODULES = YES;
				CLANG_ENABLE_OBJC_ARC = YES;
				CLANG_ENABLE_OBJC_WEAK = YES;
				CLANG_WARN_BLOCK_CAPTURE_AUTORELEASING = YES;
				CLANG_WARN_BOOL_CONVERSION = YES;
				CLANG_WARN_COMMA = YES;
				CLANG_WARN_CONSTANT_CONVERSION = YES;
				CLANG_WARN_DEPRECATED_OBJC_IMPLEMENTATIONS = YES;
				CLANG_WARN_DIRECT_OBJC_ISA_USAGE = YES_ERROR;
				CLANG_WARN_DOCUMENTATION_COMMENTS = YES;
				CLANG_WARN_EMPTY_BODY = YES;
				CLANG_WARN_ENUM_CONVERSION = YES;
				CLANG_WARN_INFINITE_RECURSION = YES;
				CLANG_WARN_INT_CONVERSION = YES;
				CLANG_WARN_NON_LITERAL_NULL_CONVERSION = YES;
				CLANG_WARN_OBJC_IMPLICIT_RETAIN_SELF = YES;
				CLANG_WARN_OBJC_LITERAL_CONVERSION = YES;
				CLANG_WARN_OBJC_ROOT_CLASS = YES_ERROR;
				CLANG_WARN_QUOTED_INCLUDE_IN_FRAMEWORK_HEADER = YES;
				CLANG_WARN_RANGE_LOOP_ANALYSIS = YES;
				CLANG_WARN_STRICT_PROTOTYPES = YES;
				CLANG_WARN_SUSPICIOUS_MOVE = YES;
				CLANG_WARN_UNGUARDED_AVAILABILITY = YES_AGGRESSIVE;
				CLANG_WARN_UNREACHABLE_CODE = YES;
				CLANG_WARN__DUPLICATE_METHOD_MATCH = YES;
				COPY_PHASE_STRIP = NO;
				DEBUG_INFORMATION_FORMAT = dwarf;
				ENABLE_STRICT_OBJC_MSGSEND = YES;
				ENABLE_TESTABILITY = YES;
				GCC_C_LANGUAGE_STANDARD = gnu11;
				GCC_DYNAMIC_NO_PIC = NO;
				GCC_NO_COMMON_BLOCKS = YES;
				GCC_OPTIMIZATION_LEVEL = 0;
				GCC_PREPROCESSOR_DEFINITIONS = (
					"$(inherited)",
					"DEBUG=1",
				);
				GCC_WARN_64_TO_32_BIT_CONVERSION = YES;
				GCC_WARN_ABOUT_RETURN_TYPE = YES_ERROR;
				GCC_WARN_UNDECLARED_SELECTOR = YES;
				GCC_WARN_UNINITIALIZED_AUTOS = YES_AGGRESSIVE;
				GCC_WARN_UNUSED_FUNCTION = YES;
				GCC_WARN_UNUSED_VARIABLE = YES;
				IPHONEOS_DEPLOYMENT_TARGET = 26.0;
				MTL_ENABLE_DEBUG_INFO = INCLUDE_SOURCE;
				MTL_FAST_MATH = YES;
				ONLY_ACTIVE_ARCH = YES;
				PRODUCT_NAME = "$(TARGET_NAME)";
				SDKROOT = iphoneos;
				SWIFT_ACTIVE_COMPILATION_CONDITIONS = DEBUG;
				SWIFT_OPTIMIZATION_LEVEL = "-Onone";
				SWIFT_VERSION = 5.0;
			};
			name = Debug;
		};
		F9CA431419A4C6B9613855E4 /* Release */ = {
			isa = XCBuildConfiguration;
			buildSettings = {
				BUNDLE_LOADER = "$(TEST_HOST)";
				GENERATE_INFOPLIST_FILE = YES;
				LD_RUNPATH_SEARCH_PATHS = (
					"$(inherited)",
					"@executable_path/Frameworks",
					"@loader_path/Frameworks",
				);
				PRODUCT_BUNDLE_IDENTIFIER = com.scaffolding.demo.tests;
				SDKROOT = iphoneos;
				SWIFT_VERSION = 6.2;
				TARGETED_DEVICE_FAMILY = 1;
				TEST_HOST = "$(BUILT_PRODUCTS_DIR)/Demo.app/Demo";
			};
			name = Release;
		};
/* End XCBuildConfiguration section */

/* Begin XCConfigurationList section */
		388F02421550F69BF7947B85 /* Build configuration list for PBXProject "Demo" */ = {
			isa = XCConfigurationList;
			buildConfigurations = (
				76F22F9F8EFF9E558750A9FE /* Debug */,
				431C1D0126FDE809DBCC1F6E /* Release */,
			);
			defaultConfigurationIsVisible = 0;
			defaultConfigurationName = Debug;
		};
		67F59FA59F734371A2570797 /* Build configuration list for PBXNativeTarget "Demo" */ = {
			isa = XCConfigurationList;
			buildConfigurations = (
				553BCFF4DF4A314DE3D572F3 /* Debug */,
				1E0D38BE0A23451ACF3D4625 /* Release */,
			);
			defaultConfigurationIsVisible = 0;
			defaultConfigurationName = Debug;
		};
		8E0CA1D64074AD9FBBB9C41D /* Build configuration list for PBXNativeTarget "DemoTests" */ = {
			isa = XCConfigurationList;
			buildConfigurations = (
				056EAC7D7010057EB737A179 /* Debug */,
				F9CA431419A4C6B9613855E4 /* Release */,
			);
			defaultConfigurationIsVisible = 0;
			defaultConfigurationName = Debug;
		};
/* End XCConfigurationList section */

/* Begin XCLocalSwiftPackageReference section */
		F9E60793FC5ED9701085E98F /* XCLocalSwiftPackageReference "../..//" */ = {
			isa = XCLocalSwiftPackageReference;
			relativePath = "../..//";
		};
/* End XCLocalSwiftPackageReference section */

/* Begin XCSwiftPackageProductDependency section */
		121C47305520C4DE8FF197DB /* ScaffoldingTesting */ = {
			isa = XCSwiftPackageProductDependency;
			productName = ScaffoldingTesting;
		};
		C7F7C86CE4A13D4FD1ABB29C /* Scaffolding */ = {
			isa = XCSwiftPackageProductDependency;
			productName = Scaffolding;
		};
/* End XCSwiftPackageProductDependency section */
	};
	rootObject = 5533C1BE5094A04FCE853B33 /* Project object */;
}
